// !$*UTF8*$!
{
	archiveVersion = 1;
	classes = {
	};
	objectVersion = 46;
	objects = {

/* Begin PBXBuildFile section */
		F07A547E18E5F78F00CB8745 /* Foundation.framework in Frameworks */ = {isa = PBXBuildFile; fileRef = F07A547D18E5F78F00CB8745 /* Foundation.framework */; };
		F07A548018E5F78F00CB8745 /* CoreGraphics.framework in Frameworks */ = {isa = PBXBuildFile; fileRef = F07A547F18E5F78F00CB8745 /* CoreGraphics.framework */; };
		F07A548218E5F78F00CB8745 /* UIKit.framework in Frameworks */ = {isa = PBXBuildFile; fileRef = F07A548118E5F78F00CB8745 /* UIKit.framework */; };
		F07A548418E5F78F00CB8745 /* SpriteKit.framework in Frameworks */ = {isa = PBXBuildFile; fileRef = F07A548318E5F78F00CB8745 /* SpriteKit.framework */; };
		F07A548A18E5F78F00CB8745 /* InfoPlist.strings in Resources */ = {isa = PBXBuildFile; fileRef = F07A548818E5F78F00CB8745 /* InfoPlist.strings */; };
		F07A548C18E5F78F00CB8745 /* main.m in Sources */ = {isa = PBXBuildFile; fileRef = F07A548B18E5F78F00CB8745 /* main.m */; };
		F07A549018E5F78F00CB8745 /* AppDelegate.m in Sources */ = {isa = PBXBuildFile; fileRef = F07A548F18E5F78F00CB8745 /* AppDelegate.m */; };
		F07A549318E5F78F00CB8745 /* Main.storyboard in Resources */ = {isa = PBXBuildFile; fileRef = F07A549118E5F78F00CB8745 /* Main.storyboard */; };
		F07A549618E5F78F00CB8745 /* ViewController.m in Sources */ = {isa = PBXBuildFile; fileRef = F07A549518E5F78F00CB8745 /* ViewController.m */; };
		F07A549918E5F78F00CB8745 /* MyScene.m in Sources */ = {isa = PBXBuildFile; fileRef = F07A549818E5F78F00CB8745 /* MyScene.m */; };
		F07A549B18E5F78F00CB8745 /* Spaceship.png in Resources */ = {isa = PBXBuildFile; fileRef = F07A549A18E5F78F00CB8745 /* Spaceship.png */; };
		F07A549D18E5F78F00CB8745 /* Images.xcassets in Resources */ = {isa = PBXBuildFile; fileRef = F07A549C18E5F78F00CB8745 /* Images.xcassets */; };
		F07A54A418E5F78F00CB8745 /* XCTest.framework in Frameworks */ = {isa = PBXBuildFile; fileRef = F07A54A318E5F78F00CB8745 /* XCTest.framework */; };
		F07A54A518E5F78F00CB8745 /* Foundation.framework in Frameworks */ = {isa = PBXBuildFile; fileRef = F07A547D18E5F78F00CB8745 /* Foundation.framework */; };
		F07A54A618E5F78F00CB8745 /* UIKit.framework in Frameworks */ = {isa = PBXBuildFile; fileRef = F07A548118E5F78F00CB8745 /* UIKit.framework */; };
		F07A54AE18E5F78F00CB8745 /* InfoPlist.strings in Resources */ = {isa = PBXBuildFile; fileRef = F07A54AC18E5F78F00CB8745 /* InfoPlist.strings */; };
		F07A54B018E5F78F00CB8745 /* AvailableFontsTests.m in Sources */ = {isa = PBXBuildFile; fileRef = F07A54AF18E5F78F00CB8745 /* AvailableFontsTests.m */; };
/* End PBXBuildFile section */

/* Begin PBXContainerItemProxy section */
		F07A54A718E5F78F00CB8745 /* PBXContainerItemProxy */ = {
			isa = PBXContainerItemProxy;
			containerPortal = F07A547218E5F78F00CB8745 /* Project object */;
			proxyType = 1;
			remoteGlobalIDString = F07A547918E5F78F00CB8745;
			remoteInfo = AvailableFonts;
		};
/* End PBXContainerItemProxy section */

/* Begin PBXFileReference section */
		F07A547A18E5F78F00CB8745 /* AvailableFonts.app */ = {isa = PBXFileReference; explicitFileType = wrapper.application; includeInIndex = 0; path = AvailableFonts.app; sourceTree = BUILT_PRODUCTS_DIR; };
		F07A547D18E5F78F00CB8745 /* Foundation.framework */ = {isa = PBXFileReference; lastKnownFileType = wrapper.framework; name = Foundation.framework; path = System/Library/Frameworks/Foundation.framework; sourceTree = SDKROOT; };
		F07A547F18E5F78F00CB8745 /* CoreGraphics.framework */ = {isa = PBXFileReference; lastKnownFileType = wrapper.framework; name = CoreGraphics.framework; path = System/Library/Frameworks/CoreGraphics.framework; sourceTree = SDKROOT; };
		F07A548118E5F78F00CB8745 /* UIKit.framework */ = {isa = PBXFileReference; lastKnownFileType = wrapper.framework; name = UIKit.framework; path = System/Library/Frameworks/UIKit.framework; sourceTree = SDKROOT; };
		F07A548318E5F78F00CB8745 /* SpriteKit.framework */ = {isa = PBXFileReference; lastKnownFileType = wrapper.framework; name = SpriteKit.framework; path = System/Library/Frameworks/SpriteKit.framework; sourceTree = SDKROOT; };
		F07A548718E5F78F00CB8745 /* AvailableFonts-Info.plist */ = {isa = PBXFileReference; lastKnownFileType = text.plist.xml; path = "AvailableFonts-Info.plist"; sourceTree = "<group>"; };
		F07A548918E5F78F00CB8745 /* en */ = {isa = PBXFileReference; lastKnownFileType = text.plist.strings; name = en; path = en.lproj/InfoPlist.strings; sourceTree = "<group>"; };
		F07A548B18E5F78F00CB8745 /* main.m */ = {isa = PBXFileReference; lastKnownFileType = sourcecode.c.objc; path = main.m; sourceTree = "<group>"; };
		F07A548D18E5F78F00CB8745 /* AvailableFonts-Prefix.pch */ = {isa = PBXFileReference; lastKnownFileType = sourcecode.c.h; path = "AvailableFonts-Prefix.pch"; sourceTree = "<group>"; };
		F07A548E18E5F78F00CB8745 /* AppDelegate.h */ = {isa = PBXFileReference; lastKnownFileType = sourcecode.c.h; path = AppDelegate.h; sourceTree = "<group>"; };
		F07A548F18E5F78F00CB8745 /* AppDelegate.m */ = {isa = PBXFileReference; lastKnownFileType = sourcecode.c.objc; path = AppDelegate.m; sourceTree = "<group>"; };
		F07A549218E5F78F00CB8745 /* Base */ = {isa = PBXFileReference; lastKnownFileType = file.storyboard; name = Base; path = Base.lproj/Main.storyboard; sourceTree = "<group>"; };
		F07A549418E5F78F00CB8745 /* ViewController.h */ = {isa = PBXFileReference; lastKnownFileType = sourcecode.c.h; path = ViewController.h; sourceTree = "<group>"; };
		F07A549518E5F78F00CB8745 /* ViewController.m */ = {isa = PBXFileReference; lastKnownFileType = sourcecode.c.objc; path = ViewController.m; sourceTree = "<group>"; };
		F07A549718E5F78F00CB8745 /* MyScene.h */ = {isa = PBXFileReference; lastKnownFileType = sourcecode.c.h; path = MyScene.h; sourceTree = "<group>"; };
		F07A549818E5F78F00CB8745 /* MyScene.m */ = {isa = PBXFileReference; lastKnownFileType = sourcecode.c.objc; path = MyScene.m; sourceTree = "<group>"; };
		F07A549A18E5F78F00CB8745 /* Spaceship.png */ = {isa = PBXFileReference; lastKnownFileType = image.png; path = Spaceship.png; sourceTree = "<group>"; };
		F07A549C18E5F78F00CB8745 /* Images.xcassets */ = {isa = PBXFileReference; lastKnownFileType = folder.assetcatalog; path = Images.xcassets; sourceTree = "<group>"; };
		F07A54A218E5F78F00CB8745 /* AvailableFontsTests.xctest */ = {isa = PBXFileReference; explicitFileType = wrapper.cfbundle; includeInIndex = 0; path = AvailableFontsTests.xctest; sourceTree = BUILT_PRODUCTS_DIR; };
		F07A54A318E5F78F00CB8745 /* XCTest.framework */ = {isa = PBXFileReference; lastKnownFileType = wrapper.framework; name = XCTest.framework; path = Library/Frameworks/XCTest.framework; sourceTree = DEVELOPER_DIR; };
		F07A54AB18E5F78F00CB8745 /* AvailableFontsTests-Info.plist */ = {isa = PBXFileReference; lastKnownFileType = text.plist.xml; path = "AvailableFontsTests-Info.plist"; sourceTree = "<group>"; };
		F07A54AD18E5F78F00CB8745 /* en */ = {isa = PBXFileReference; lastKnownFileType = text.plist.strings; name = en; path = en.lproj/InfoPlist.strings; sourceTree = "<group>"; };
		F07A54AF18E5F78F00CB8745 /* AvailableFontsTests.m */ = {isa = PBXFileReference; lastKnownFileType = sourcecode.c.objc; path = AvailableFontsTests.m; sourceTree = "<group>"; };
/* End PBXFileReference section */

/* Begin PBXFrameworksBuildPhase section */
		F07A547718E5F78F00CB8745 /* Frameworks */ = {
			isa = PBXFrameworksBuildPhase;
			buildActionMask = 2147483647;
			files = (
				F07A548018E5F78F00CB8745 /* CoreGraphics.framework in Frameworks */,
				F07A548218E5F78F00CB8745 /* UIKit.framework in Frameworks */,
				F07A548418E5F78F00CB8745 /* SpriteKit.framework in Frameworks */,
				F07A547E18E5F78F00CB8745 /* Foundation.framework in Frameworks */,
			);
			runOnlyForDeploymentPostprocessing = 0;
		};
		F07A549F18E5F78F00CB8745 /* Frameworks */ = {
			isa = PBXFrameworksBuildPhase;
			buildActionMask = 2147483647;
			files = (
				F07A54A418E5F78F00CB8745 /* XCTest.framework in Frameworks */,
				F07A54A618E5F78F00CB8745 /* UIKit.framework in Frameworks */,
				F07A54A518E5F78F00CB8745 /* Foundation.framework in Frameworks */,
			);
			runOnlyForDeploymentPostprocessing = 0;
		};
/* End PBXFrameworksBuildPhase section */

/* Begin PBXGroup section */
		F07A547118E5F78F00CB8745 = {
			isa = PBXGroup;
			children = (
				F07A548518E5F78F00CB8745 /* AvailableFonts */,
				F07A54A918E5F78F00CB8745 /* AvailableFontsTests */,
				F07A547C18E5F78F00CB8745 /* Frameworks */,
				F07A547B18E5F78F00CB8745 /* Products */,
			);
			sourceTree = "<group>";
		};
		F07A547B18E5F78F00CB8745 /* Products */ = {
			isa = PBXGroup;
			children = (
				F07A547A18E5F78F00CB8745 /* AvailableFonts.app */,
				F07A54A218E5F78F00CB8745 /* AvailableFontsTests.xctest */,
			);
			name = Products;
			sourceTree = "<group>";
		};
		F07A547C18E5F78F00CB8745 /* Frameworks */ = {
			isa = PBXGroup;
			children = (
				F07A547D18E5F78F00CB8745 /* Foundation.framework */,
				F07A547F18E5F78F00CB8745 /* CoreGraphics.framework */,
				F07A548118E5F78F00CB8745 /* UIKit.framework */,
				F07A548318E5F78F00CB8745 /* SpriteKit.framework */,
				F07A54A318E5F78F00CB8745 /* XCTest.framework */,
			);
			name = Frameworks;
			sourceTree = "<group>";
		};
		F07A548518E5F78F00CB8745 /* AvailableFonts */ = {
			isa = PBXGroup;
			children = (
				F07A548E18E5F78F00CB8745 /* AppDelegate.h */,
				F07A548F18E5F78F00CB8745 /* AppDelegate.m */,
				F07A549118E5F78F00CB8745 /* Main.storyboard */,
				F07A549418E5F78F00CB8745 /* ViewController.h */,
				F07A549518E5F78F00CB8745 /* ViewController.m */,
				F07A549718E5F78F00CB8745 /* MyScene.h */,
				F07A549818E5F78F00CB8745 /* MyScene.m */,
				F07A549A18E5F78F00CB8745 /* Spaceship.png */,
				F07A549C18E5F78F00CB8745 /* Images.xcassets */,
				F07A548618E5F78F00CB8745 /* Supporting Files */,
			);
			path = AvailableFonts;
			sourceTree = "<group>";
		};
		F07A548618E5F78F00CB8745 /* Supporting Files */ = {
			isa = PBXGroup;
			children = (
				F07A548718E5F78F00CB8745 /* AvailableFonts-Info.plist */,
				F07A548818E5F78F00CB8745 /* InfoPlist.strings */,
				F07A548B18E5F78F00CB8745 /* main.m */,
				F07A548D18E5F78F00CB8745 /* AvailableFonts-Prefix.pch */,
			);
			name = "Supporting Files";
			sourceTree = "<group>";
		};
		F07A54A918E5F78F00CB8745 /* AvailableFontsTests */ = {
			isa = PBXGroup;
			children = (
				F07A54AF18E5F78F00CB8745 /* AvailableFontsTests.m */,
				F07A54AA18E5F78F00CB8745 /* Supporting Files */,
			);
			path = AvailableFontsTests;
			sourceTree = "<group>";
		};
		F07A54AA18E5F78F00CB8745 /* Supporting Files */ = {
			isa = PBXGroup;
			children = (
				F07A54AB18E5F78F00CB8745 /* AvailableFontsTests-Info.plist */,
				F07A54AC18E5F78F00CB8745 /* InfoPlist.strings */,
			);
			name = "Supporting Files";
			sourceTree = "<group>";
		};
/* End PBXGroup section */

/* Begin PBXNativeTarget section */
		F07A547918E5F78F00CB8745 /* AvailableFonts */ = {
			isa = PBXNativeTarget;
			buildConfigurationList = F07A54B318E5F78F00CB8745 /* Build configuration list for PBXNativeTarget "AvailableFonts" */;
			buildPhases = (
				F07A547618E5F78F00CB8745 /* Sources */,
				F07A547718E5F78F00CB8745 /* Frameworks */,
				F07A547818E5F78F00CB8745 /* Resources */,
			);
			buildRules = (
			);
			dependencies = (
			);
			name = AvailableFonts;
			productName = AvailableFonts;
			productReference = F07A547A18E5F78F00CB8745 /* AvailableFonts.app */;
			productType = "com.apple.product-type.application";
		};
		F07A54A118E5F78F00CB8745 /* AvailableFontsTests */ = {
			isa = PBXNativeTarget;
			buildConfigurationList = F07A54B618E5F78F00CB8745 /* Build configuration list for PBXNativeTarget "AvailableFontsTests" */;
			buildPhases = (
				F07A549E18E5F78F00CB8745 /* Sources */,
				F07A549F18E5F78F00CB8745 /* Frameworks */,
				F07A54A018E5F78F00CB8745 /* Resources */,
			);
			buildRules = (
			);
			dependencies = (
				F07A54A818E5F78F00CB8745 /* PBXTargetDependency */,
			);
			name = AvailableFontsTests;
			productName = AvailableFontsTests;
			productReference = F07A54A218E5F78F00CB8745 /* AvailableFontsTests.xctest */;
			productType = "com.apple.product-type.bundle.unit-test";
		};
/* End PBXNativeTarget section */

/* Begin PBXProject section */
		F07A547218E5F78F00CB8745 /* Project object */ = {
			isa = PBXProject;
			attributes = {
				LastUpgradeCheck = 0510;
				ORGANIZATIONNAME = "Edgar Castro";
				TargetAttributes = {
					F07A54A118E5F78F00CB8745 = {
						TestTargetID = F07A547918E5F78F00CB8745;
					};
				};
			};
			buildConfigurationList = F07A547518E5F78F00CB8745 /* Build configuration list for PBXProject "AvailableFonts" */;
			compatibilityVersion = "Xcode 3.2";
			developmentRegion = English;
			hasScannedForEncodings = 0;
			knownRegions = (
				en,
				Base,
			);
			mainGroup = F07A547118E5F78F00CB8745;
			productRefGroup = F07A547B18E5F78F00CB8745 /* Products */;
			projectDirPath = "";
			projectRoot = "";
			targets = (
				F07A547918E5F78F00CB8745 /* AvailableFonts */,
				F07A54A118E5F78F00CB8745 /* AvailableFontsTests */,
			);
		};
/* End PBXProject section */

/* Begin PBXResourcesBuildPhase section */
		F07A547818E5F78F00CB8745 /* Resources */ = {
			isa = PBXResourcesBuildPhase;
			buildActionMask = 2147483647;
			files = (
				F07A548A18E5F78F00CB8745 /* InfoPlist.strings in Resources */,
				F07A549D18E5F78F00CB8745 /* Images.xcassets in Resources */,
				F07A549B18E5F78F00CB8745 /* Spaceship.png in Resources */,
				F07A549318E5F78F00CB8745 /* Main.storyboard in Resources */,
			);
			runOnlyForDeploymentPostprocessing = 0;
		};
		F07A54A018E5F78F00CB8745 /* Resources */ = {
			isa = PBXResourcesBuildPhase;
			buildActionMask = 2147483647;
			files = (
				F07A54AE18E5F78F00CB8745 /* InfoPlist.strings in Resources */,
			);
			runOnlyForDeploymentPostprocessing = 0;
		};
/* End PBXResourcesBuildPhase section */

/* Begin PBXSourcesBuildPhase section */
		F07A547618E5F78F00CB8745 /* Sources */ = {
			isa = PBXSourcesBuildPhase;
			buildActionMask = 2147483647;
			files = (
				F07A549918E5F78F00CB8745 /* MyScene.m in Sources */,
				F07A549618E5F78F00CB8745 /* ViewController.m in Sources */,
				F07A549018E5F78F00CB8745 /* AppDelegate.m in Sources */,
				F07A548C18E5F78F00CB8745 /* main.m in Sources */,
			);
			runOnlyForDeploymentPostprocessing = 0;
		};
		F07A549E18E5F78F00CB8745 /* Sources */ = {
			isa = PBXSourcesBuildPhase;
			buildActionMask = 2147483647;
			files = (
				F07A54B018E5F78F00CB8745 /* AvailableFontsTests.m in Sources */,
			);
			runOnlyForDeploymentPostprocessing = 0;
		};
/* End PBXSourcesBuildPhase section */

/* Begin PBXTargetDependency section */
		F07A54A818E5F78F00CB8745 /* PBXTargetDependency */ = {
			isa = PBXTargetDependency;
			target = F07A547918E5F78F00CB8745 /* AvailableFonts */;
			targetProxy = F07A54A718E5F78F00CB8745 /* PBXContainerItemProxy */;
		};
/* End PBXTargetDependency section */

/* Begin PBXVariantGroup section */
		F07A548818E5F78F00CB8745 /* InfoPlist.strings */ = {
			isa = PBXVariantGroup;
			children = (
				F07A548918E5F78F00CB8745 /* en */,
			);
			name = InfoPlist.strings;
			sourceTree = "<group>";
		};
		F07A549118E5F78F00CB8745 /* Main.storyboard */ = {
			isa = PBXVariantGroup;
			children = (
				F07A549218E5F78F00CB8745 /* Base */,
			);
			name = Main.storyboard;
			sourceTree = "<group>";
		};
		F07A54AC18E5F78F00CB8745 /* InfoPlist.strings */ = {
			isa = PBXVariantGroup;
			children = (
				F07A54AD18E5F78F00CB8745 /* en */,
			);
			name = InfoPlist.strings;
			sourceTree = "<group>";
		};
/* End PBXVariantGroup section */

/* Begin XCBuildConfiguration section */
		F07A54B118E5F78F00CB8745 /* Debug */ = {
			isa = XCBuildConfiguration;
			buildSettings = {
				ALWAYS_SEARCH_USER_PATHS = NO;
				CLANG_CXX_LANGUAGE_STANDARD = "gnu++0x";
				CLANG_CXX_LIBRARY = "libc++";
				CLANG_ENABLE_MODULES = YES;
				CLANG_ENABLE_OBJC_ARC = YES;
				CLANG_WARN_BOOL_CONVERSION = YES;
				CLANG_WARN_CONSTANT_CONVERSION = YES;
				CLANG_WARN_DIRECT_OBJC_ISA_USAGE = YES_ERROR;
				CLANG_WARN_EMPTY_BODY = YES;
				CLANG_WARN_ENUM_CONVERSION = YES;
				CLANG_WARN_INT_CONVERSION = YES;
				CLANG_WARN_OBJC_ROOT_CLASS = YES_ERROR;
				CLANG_WARN__DUPLICATE_METHOD_MATCH = YES;
				"CODE_SIGN_IDENTITY[sdk=iphoneos*]" = "iPhone Developer";
				COPY_PHASE_STRIP = NO;
				GCC_C_LANGUAGE_STANDARD = gnu99;
				GCC_DYNAMIC_NO_PIC = NO;
				GCC_OPTIMIZATION_LEVEL = 0;
				GCC_PREPROCESSOR_DEFINITIONS = (
					"DEBUG=1",
					"$(inherited)",
				);
				GCC_SYMBOLS_PRIVATE_EXTERN = NO;
				GCC_WARN_64_TO_32_BIT_CONVERSION = YES;
				GCC_WARN_ABOUT_RETURN_TYPE = YES_ERROR;
				GCC_WARN_UNDECLARED_SELECTOR = YES;
				GCC_WARN_UNINITIALIZED_AUTOS = YES_AGGRESSIVE;
				GCC_WARN_UNUSED_FUNCTION = YES;
				GCC_WARN_UNUSED_VARIABLE = YES;
				IPHONEOS_DEPLOYMENT_TARGET = 7.1;
				ONLY_ACTIVE_ARCH = YES;
				SDKROOT = iphoneos;
			};
			name = Debug;
		};
		F07A54B218E5F78F00CB8745 /* Release */ = {
			isa = XCBuildConfiguration;
			buildSettings = {
				ALWAYS_SEARCH_USER_PATHS = NO;
				CLANG_CXX_LANGUAGE_STANDARD = "gnu++0x";
				CLANG_CXX_LIBRARY = "libc++";
				CLANG_ENABLE_MODULES = YES;
				CLANG_ENABLE_OBJC_ARC = YES;
				CLANG_WARN_BOOL_CONVERSION = YES;
				CLANG_WARN_CONSTANT_CONVERSION = YES;
				CLANG_WARN_DIRECT_OBJC_ISA_USAGE = YES_ERROR;
				CLANG_WARN_EMPTY_BODY = YES;
				CLANG_WARN_ENUM_CONVERSION = YES;
				CLANG_WARN_INT_CONVERSION = YES;
				CLANG_WARN_OBJC_ROOT_CLASS = YES_ERROR;
				CLANG_WARN__DUPLICATE_METHOD_MATCH = YES;
				"CODE_SIGN_IDENTITY[sdk=iphoneos*]" = "iPhone Developer";
				COPY_PHASE_STRIP = YES;
				ENABLE_NS_ASSERTIONS = NO;
				GCC_C_LANGUAGE_STANDARD = gnu99;
				GCC_WARN_64_TO_32_BIT_CONVERSION = YES;
				GCC_WARN_ABOUT_RETURN_TYPE = YES_ERROR;
				GCC_WARN_UNDECLARED_SELECTOR = YES;
				GCC_WARN_UNINITIALIZED_AUTOS = YES_AGGRESSIVE;
				GCC_WARN_UNUSED_FUNCTION = YES;
				GCC_WARN_UNUSED_VARIABLE = YES;
				IPHONEOS_DEPLOYMENT_TARGET = 7.1;
				SDKROOT = iphoneos;
				VALIDATE_PRODUCT = YES;
			};
			name = Release;
		};
		F07A54B418E5F78F00CB8745 /* Debug */ = {
			isa = XCBuildConfiguration;
			buildSettings = {
				ASSETCATALOG_COMPILER_APPICON_NAME = AppIcon;
				ASSETCATALOG_COMPILER_LAUNCHIMAGE_NAME = LaunchImage;
				GCC_PRECOMPILE_PREFIX_HEADER = YES;
				GCC_PREFIX_HEADER = "AvailableFonts/AvailableFonts-Prefix.pch";
				INFOPLIST_FILE = "AvailableFonts/AvailableFonts-Info.plist";
				PRODUCT_NAME = "$(TARGET_NAME)";
				SPRITEKIT_TEXTURE_ATLAS_OUTPUT = YES;
				WRAPPER_EXTENSION = app;
			};
			name = Debug;
		};
		F07A54B518E5F78F00CB8745 /* Release */ = {
			isa = XCBuildConfiguration;
			buildSettings = {
				ASSETCATALOG_COMPILER_APPICON_NAME = AppIcon;
				ASSETCATALOG_COMPILER_LAUNCHIMAGE_NAME = LaunchImage;
				GCC_PRECOMPILE_PREFIX_HEADER = YES;
				GCC_PREFIX_HEADER = "AvailableFonts/AvailableFonts-Prefix.pch";
				INFOPLIST_FILE = "AvailableFonts/AvailableFonts-Info.plist";
				PRODUCT_NAME = "$(TARGET_NAME)";
				SPRITEKIT_TEXTURE_ATLAS_OUTPUT = YES;
				WRAPPER_EXTENSION = app;
			};
			name = Release;
		};
		F07A54B718E5F78F00CB8745 /* Debug */ = {
			isa = XCBuildConfiguration;
			buildSettings = {
				BUNDLE_LOADER = "$(BUILT_PRODUCTS_DIR)/AvailableFonts.app/AvailableFonts";
				FRAMEWORK_SEARCH_PATHS = (
					"$(SDKROOT)/Developer/Library/Frameworks",
					"$(inherited)",
					"$(DEVELOPER_FRAMEWORKS_DIR)",
				);
				GCC_PRECOMPILE_PREFIX_HEADER = YES;
				GCC_PREFIX_HEADER = "AvailableFonts/AvailableFonts-Prefix.pch";
				GCC_PREPROCESSOR_DEFINITIONS = (
					"DEBUG=1",
					"$(inherited)",
				);
				INFOPLIST_FILE = "AvailableFontsTests/AvailableFontsTests-Info.plist";
				PRODUCT_NAME = "$(TARGET_NAME)";
				TEST_HOST = "$(BUNDLE_LOADER)";
				WRAPPER_EXTENSION = xctest;
			};
			name = Debug;
		};
		F07A54B818E5F78F00CB8745 /* Release */ = {
			isa = XCBuildConfiguration;
			buildSettings = {
				BUNDLE_LOADER = "$(BUILT_PRODUCTS_DIR)/AvailableFonts.app/AvailableFonts";
				FRAMEWORK_SEARCH_PATHS = (
					"$(SDKROOT)/Developer/Library/Frameworks",
					"$(inherited)",
					"$(DEVELOPER_FRAMEWORKS_DIR)",
				);
				GCC_PRECOMPILE_PREFIX_HEADER = YES;
				GCC_PREFIX_HEADER = "AvailableFonts/AvailableFonts-Prefix.pch";
				INFOPLIST_FILE = "AvailableFontsTests/AvailableFontsTests-Info.plist";
				PRODUCT_NAME = "$(TARGET_NAME)";
				TEST_HOST = "$(BUNDLE_LOADER)";
				WRAPPER_EXTENSION = xctest;
			};
			name = Release;
		};
/* End XCBuildConfiguration section */

/* Begin XCConfigurationList section */
		F07A547518E5F78F00CB8745 /* Build configuration list for PBXProject "AvailableFonts" */ = {
			isa = XCConfigurationList;
			buildConfigurations = (
				F07A54B118E5F78F00CB8745 /* Debug */,
				F07A54B218E5F78F00CB8745 /* Release */,
			);
			defaultConfigurationIsVisible = 0;
			defaultConfigurationName = Release;
		};
		F07A54B318E5F78F00CB8745 /* Build configuration list for PBXNativeTarget "AvailableFonts" */ = {
			isa = XCConfigurationList;
			buildConfigurations = (
				F07A54B418E5F78F00CB8745 /* Debug */,
				F07A54B518E5F78F00CB8745 /* Release */,
			);
			defaultConfigurationIsVisible = 0;
			defaultConfigurationName = Release;
		};
		F07A54B618E5F78F00CB8745 /* Build configuration list for PBXNativeTarget "AvailableFontsTests" */ = {
			isa = XCConfigurationList;
			buildConfigurations = (
				F07A54B718E5F78F00CB8745 /* Debug */,
				F07A54B818E5F78F00CB8745 /* Release */,
			);
			defaultConfigurationIsVisible = 0;
			defaultConfigurationName = Release;
		};
/* End XCConfigurationList section */
	};
	rootObject = F07A547218E5F78F00CB8745 /* Project object */;
}
